
Microsoft Visual Studio Solution File, Format Version 12.00
# Visual Studio 14
VisualStudioVersion = 14.0.25420.1
MinimumVisualStudioVersion = 10.0.40219.1
Project("{FAE04EC0-301F-11D3-BF4B-00C04F79EFBC}") = "Studies", "Studies\Studies.csproj", "{9B342CEE-8757-4593-B790-837D499A43DC}"
EndProject
Project("{FAE04EC0-301F-11D3-BF4B-00C04F79EFBC}") = "CORE", "..\CORE\CORE.csproj", "{20519DA5-D5E6-4109-A301-014C5A52392A}"
EndProject
Global
	GlobalSection(SolutionConfigurationPlatforms) = preSolution
		Debug|Any CPU = Debug|Any CPU
		Debug|x64 = Debug|x64
		Release|Any CPU = Release|Any CPU
		Release|x64 = Release|x64
	EndGlobalSection
	GlobalSection(ProjectConfigurationPlatforms) = postSolution
		{9B342CEE-8757-4593-B790-837D499A43DC}.Debug|Any CPU.ActiveCfg = Debug|Any CPU
		{9B342CEE-8757-4593-B790-837D499A43DC}.Debug|Any CPU.Build.0 = Debug|Any CPU
		{9B342CEE-8757-4593-B790-837D499A43DC}.Debug|x64.ActiveCfg = Debug|x64
		{9B342CEE-8757-4593-B790-837D499A43DC}.Debug|x64.Build.0 = Debug|x64
		{9B342CEE-8757-4593-B790-837D499A43DC}.Release|Any CPU.ActiveCfg = Release|Any CPU
		{9B342CEE-8757-4593-B790-837D499A43DC}.Release|Any CPU.Build.0 = Release|Any CPU
		{9B342CEE-8757-4593-B790-837D499A43DC}.Release|x64.ActiveCfg = Release|x64
		{9B342CEE-8757-4593-B790-837D499A43DC}.Release|x64.Build.0 = Release|x64
		{20519DA5-D5E6-4109-A301-014C5A52392A}.Debug|Any CPU.ActiveCfg = Debug|Any CPU
		{20519DA5-D5E6-4109-A301-014C5A52392A}.Debug|Any CPU.Build.0 = Debug|Any CPU
		{20519DA5-D5E6-4109-A301-014C5A52392A}.Debug|x64.ActiveCfg = Debug|Any CPU
		{20519DA5-D5E6-4109-A301-014C5A52392A}.Debug|x64.Build.0 = Debug|Any CPU
		{20519DA5-D5E6-4109-A301-014C5A52392A}.Release|Any CPU.ActiveCfg = Release|Any CPU
		{20519DA5-D5E6-4109-A301-014C5A52392A}.Release|Any CPU.Build.0 = Release|Any CPU
		{20519DA5-D5E6-4109-A301-014C5A52392A}.Release|x64.ActiveCfg = Release|Any CPU
		{20519DA5-D5E6-4109-A301-014C5A52392A}.Release|x64.Build.0 = Release|Any CPU
	EndGlobalSection
	GlobalSection(SolutionProperties) = preSolution
		HideSolutionNode = FALSE
	EndGlobalSection
EndGlobal
